// !$*UTF8*$!
{
	archiveVersion = 1;
	classes = {
	};
	objectVersion = 46;
	objects = {

/* Begin PBXBuildFile section */
		AB2AA36E1C8086AD00B13E46 /* AppDelegate.swift in Sources */ = {isa = PBXBuildFile; fileRef = AB2AA36D1C8086AD00B13E46 /* AppDelegate.swift */; };
		AB2AA3701C8086AD00B13E46 /* ViewController.swift in Sources */ = {isa = PBXBuildFile; fileRef = AB2AA36F1C8086AD00B13E46 /* ViewController.swift */; };
		AB2AA3731C8086AD00B13E46 /* Main.storyboard in Resources */ = {isa = PBXBuildFile; fileRef = AB2AA3711C8086AD00B13E46 /* Main.storyboard */; };
		AB2AA3761C8086AD00B13E46 /* CoreDataHitList.xcdatamodeld in Sources */ = {isa = PBXBuildFile; fileRef = AB2AA3741C8086AD00B13E46 /* CoreDataHitList.xcdatamodeld */; };
		AB2AA3781C8086AD00B13E46 /* Assets.xcassets in Resources */ = {isa = PBXBuildFile; fileRef = AB2AA3771C8086AD00B13E46 /* Assets.xcassets */; };
		AB2AA37B1C8086AD00B13E46 /* LaunchScreen.storyboard in Resources */ = {isa = PBXBuildFile; fileRef = AB2AA3791C8086AD00B13E46 /* LaunchScreen.storyboard */; };
/* End PBXBuildFile section */

/* Begin PBXFileReference section */
		AB2AA36A1C8086AD00B13E46 /* CoreDataHitList.app */ = {isa = PBXFileReference; explicitFileType = wrapper.application; includeInIndex = 0; path = CoreDataHitList.app; sourceTree = BUILT_PRODUCTS_DIR; };
		AB2AA36D1C8086AD00B13E46 /* AppDelegate.swift */ = {isa = PBXFileReference; lastKnownFileType = sourcecode.swift; path = AppDelegate.swift; sourceTree = "<group>"; };
		AB2AA36F1C8086AD00B13E46 /* ViewController.swift */ = {isa = PBXFileReference; lastKnownFileType = sourcecode.swift; path = ViewController.swift; sourceTree = "<group>"; };
		AB2AA3721C8086AD00B13E46 /* Base */ = {isa = PBXFileReference; lastKnownFileType = file.storyboard; name = Base; path = Base.lproj/Main.storyboard; sourceTree = "<group>"; };
		AB2AA3751C8086AD00B13E46 /* CoreDataHitList.xcdatamodel */ = {isa = PBXFileReference; lastKnownFileType = wrapper.xcdatamodel; path = CoreDataHitList.xcdatamodel; sourceTree = "<group>"; };
		AB2AA3771C8086AD00B13E46 /* Assets.xcassets */ = {isa = PBXFileReference; lastKnownFileType = folder.assetcatalog; path = Assets.xcassets; sourceTree = "<group>"; };
		AB2AA37A1C8086AD00B13E46 /* Base */ = {isa = PBXFileReference; lastKnownFileType = file.storyboard; name = Base; path = Base.lproj/LaunchScreen.storyboard; sourceTree = "<group>"; };
		AB2AA37C1C8086AD00B13E46 /* Info.plist */ = {isa = PBXFileReference; lastKnownFileType = text.plist.xml; path = Info.plist; sourceTree = "<group>"; };
/* End PBXFileReference section */

/* Begin PBXFrameworksBuildPhase section */
		AB2AA3671C8086AD00B13E46 /* Frameworks */ = {
			isa = PBXFrameworksBuildPhase;
			buildActionMask = 2147483647;
			files = (
			);
			runOnlyForDeploymentPostprocessing = 0;
		};
/* End PBXFrameworksBuildPhase section */

/* Begin PBXGroup section */
		AB2AA3611C8086AD00B13E46 = {
			isa = PBXGroup;
			children = (
				AB2AA36C1C8086AD00B13E46 /* CoreDataHitList */,
				AB2AA36B1C8086AD00B13E46 /* Products */,
			);
			sourceTree = "<group>";
		};
		AB2AA36B1C8086AD00B13E46 /* Products */ = {
			isa = PBXGroup;
			children = (
				AB2AA36A1C8086AD00B13E46 /* CoreDataHitList.app */,
			);
			name = Products;
			sourceTree = "<group>";
		};
		AB2AA36C1C8086AD00B13E46 /* CoreDataHitList */ = {
			isa = PBXGroup;
			children = (
				AB2AA36D1C8086AD00B13E46 /* AppDelegate.swift */,
				AB2AA36F1C8086AD00B13E46 /* ViewController.swift */,
				AB2AA3711C8086AD00B13E46 /* Main.storyboard */,
				AB2AA3771C8086AD00B13E46 /* Assets.xcassets */,
				AB2AA3791C8086AD00B13E46 /* LaunchScreen.storyboard */,
				AB2AA37C1C8086AD00B13E46 /* Info.plist */,
				AB2AA3741C8086AD00B13E46 /* CoreDataHitList.xcdatamodeld */,
			);
			path = CoreDataHitList;
			sourceTree = "<group>";
		};
/* End PBXGroup section */

/* Begin PBXNativeTarget section */
		AB2AA3691C8086AD00B13E46 /* CoreDataHitList */ = {
			isa = PBXNativeTarget;
			buildConfigurationList = AB2AA37F1C8086AD00B13E46 /* Build configuration list for PBXNativeTarget "CoreDataHitList" */;
			buildPhases = (
				AB2AA3661C8086AD00B13E46 /* Sources */,
				AB2AA3671C8086AD00B13E46 /* Frameworks */,
				AB2AA3681C8086AD00B13E46 /* Resources */,
			);
			buildRules = (
			);
			dependencies = (
			);
			name = CoreDataHitList;
			productName = CoreDataHitList;
			productReference = AB2AA36A1C8086AD00B13E46 /* CoreDataHitList.app */;
			productType = "com.apple.product-type.application";
		};
/* End PBXNativeTarget section */

/* Begin PBXProject section */
		AB2AA3621C8086AD00B13E46 /* Project object */ = {
			isa = PBXProject;
			attributes = {
				LastSwiftUpdateCheck = 0720;
				LastUpgradeCheck = 0720;
				ORGANIZATIONNAME = "Alexander Blokhin";
				TargetAttributes = {
					AB2AA3691C8086AD00B13E46 = {
						CreatedOnToolsVersion = 7.2.1;
					};
				};
			};
			buildConfigurationList = AB2AA3651C8086AD00B13E46 /* Build configuration list for PBXProject "CoreDataHitList" */;
			compatibilityVersion = "Xcode 3.2";
			developmentRegion = English;
			hasScannedForEncodings = 0;
			knownRegions = (
				en,
				Base,
			);
			mainGroup = AB2AA3611C8086AD00B13E46;
			productRefGroup = AB2AA36B1C8086AD00B13E46 /* Products */;
			projectDirPath = "";
			projectRoot = "";
			targets = (
				AB2AA3691C8086AD00B13E46 /* CoreDataHitList */,
			);
		};
/* End PBXProject section */

/* Begin PBXResourcesBuildPhase section */
		AB2AA3681C8086AD00B13E46 /* Resources */ = {
			isa = PBXResourcesBuildPhase;
			buildActionMask = 2147483647;
			files = (
				AB2AA37B1C8086AD00B13E46 /* LaunchScreen.storyboard in Resources */,
				AB2AA3781C8086AD00B13E46 /* Assets.xcassets in Resources */,
				AB2AA3731C8086AD00B13E46 /* Main.storyboard in Resources */,
			);
			runOnlyForDeploymentPostprocessing = 0;
		};
/* End PBXResourcesBuildPhase section */

/* Begin PBXSourcesBuildPhase section */
		AB2AA3661C8086AD00B13E46 /* Sources */ = {
			isa = PBXSourcesBuildPhase;
			buildActionMask = 2147483647;
			files = (
				AB2AA3761C8086AD00B13E46 /* CoreDataHitList.xcdatamodeld in Sources */,
				AB2AA3701C8086AD00B13E46 /* ViewController.swift in Sources */,
				AB2AA36E1C8086AD00B13E46 /* AppDelegate.swift in Sources */,
			);
			runOnlyForDeploymentPostprocessing = 0;
		};
/* End PBXSourcesBuildPhase section */

/* Begin PBXVariantGroup section */
		AB2AA3711C8086AD00B13E46 /* Main.storyboard */ = {
			isa = PBXVariantGroup;
			children = (
				AB2AA3721C8086AD00B13E46 /* Base */,
			);
			name = Main.storyboard;
			sourceTree = "<group>";
		};
		AB2AA3791C8086AD00B13E46 /* LaunchScreen.storyboard */ = {
			isa = PBXVariantGroup;
			children = (
				AB2AA37A1C8086AD00B13E46 /* Base */,
			);
			name = LaunchScreen.storyboard;
			sourceTree = "<group>";
		};
/* End PBXVariantGroup section */

/* Begin XCBuildConfiguration section */
		AB2AA37D1C8086AD00B13E46 /* Debug */ = {
			isa = XCBuildConfiguration;
			buildSettings = {
				ALWAYS_SEARCH_USER_PATHS = NO;
				CLANG_CXX_LANGUAGE_STANDARD = "gnu++0x";
				CLANG_CXX_LIBRARY = "libc++";
				CLANG_ENABLE_MODULES = YES;
				CLANG_ENABLE_OBJC_ARC = YES;
				CLANG_WARN_BOOL_CONVERSION = YES;
				CLANG_WARN_CONSTANT_CONVERSION = YES;
				CLANG_WARN_DIRECT_OBJC_ISA_USAGE = YES_ERROR;
				CLANG_WARN_EMPTY_BODY = YES;
				CLANG_WARN_ENUM_CONVERSION = YES;
				CLANG_WARN_INT_CONVERSION = YES;
				CLANG_WARN_OBJC_ROOT_CLASS = YES_ERROR;
				CLANG_WARN_UNREACHABLE_CODE = YES;
				CLANG_WARN__DUPLICATE_METHOD_MATCH = YES;
				"CODE_SIGN_IDENTITY[sdk=iphoneos*]" = "iPhone Developer";
				COPY_PHASE_STRIP = NO;
				DEBUG_INFORMATION_FORMAT = dwarf;
				ENABLE_STRICT_OBJC_MSGSEND = YES;
				ENABLE_TESTABILITY = YES;
				GCC_C_LANGUAGE_STANDARD = gnu99;
				GCC_DYNAMIC_NO_PIC = NO;
				GCC_NO_COMMON_BLOCKS = YES;
				GCC_OPTIMIZATION_LEVEL = 0;
				GCC_PREPROCESSOR_DEFINITIONS = (
					"DEBUG=1",
					"$(inherited)",
				);
				GCC_WARN_64_TO_32_BIT_CONVERSION = YES;
				GCC_WARN_ABOUT_RETURN_TYPE = YES_ERROR;
				GCC_WARN_UNDECLARED_SELECTOR = YES;
				GCC_WARN_UNINITIALIZED_AUTOS = YES_AGGRESSIVE;
				GCC_WARN_UNUSED_FUNCTION = YES;
				GCC_WARN_UNUSED_VARIABLE = YES;
				IPHONEOS_DEPLOYMENT_TARGET = 9.2;
				MTL_ENABLE_DEBUG_INFO = YES;
				ONLY_ACTIVE_ARCH = YES;
				SDKROOT = iphoneos;
				SWIFT_OPTIMIZATION_LEVEL = "-Onone";
			};
			name = Debug;
		};
		AB2AA37E1C8086AD00B13E46 /* Release */ = {
			isa = XCBuildConfiguration;
			buildSettings = {
				ALWAYS_SEARCH_USER_PATHS = NO;
				CLANG_CXX_LANGUAGE_STANDARD = "gnu++0x";
				CLANG_CXX_LIBRARY = "libc++";
				CLANG_ENABLE_MODULES = YES;
				CLANG_ENABLE_OBJC_ARC = YES;
				CLANG_WARN_BOOL_CONVERSION = YES;
				CLANG_WARN_CONSTANT_CONVERSION = YES;
				CLANG_WARN_DIRECT_OBJC_ISA_USAGE = YES_ERROR;
				CLANG_WARN_EMPTY_BODY = YES;
				CLANG_WARN_ENUM_CONVERSION = YES;
				CLANG_WARN_INT_CONVERSION = YES;
				CLANG_WARN_OBJC_ROOT_CLASS = YES_ERROR;
				CLANG_WARN_UNREACHABLE_CODE = YES;
				CLANG_WARN__DUPLICATE_METHOD_MATCH = YES;
				"CODE_SIGN_IDENTITY[sdk=iphoneos*]" = "iPhone Developer";
				COPY_PHASE_STRIP = NO;
				DEBUG_INFORMATION_FORMAT = "dwarf-with-dsym";
				ENABLE_NS_ASSERTIONS = NO;
				ENABLE_STRICT_OBJC_MSGSEND = YES;
				GCC_C_LANGUAGE_STANDARD = gnu99;
				GCC_NO_COMMON_BLOCKS = YES;
				GCC_WARN_64_TO_32_BIT_CONVERSION = YES;
				GCC_WARN_ABOUT_RETURN_TYPE = YES_ERROR;
				GCC_WARN_UNDECLARED_SELECTOR = YES;
				GCC_WARN_UNINITIALIZED_AUTOS = YES_AGGRESSIVE;
				GCC_WARN_UNUSED_FUNCTION = YES;
				GCC_WARN_UNUSED_VARIABLE = YES;
				IPHONEOS_DEPLOYMENT_TARGET = 9.2;
				MTL_ENABLE_DEBUG_INFO = NO;
				SDKROOT = iphoneos;
				VALIDATE_PRODUCT = YES;
			};
			name = Release;
		};
		AB2AA3801C8086AD00B13E46 /* Debug */ = {
			isa = XCBuildConfiguration;
			buildSettings = {
				ASSETCATALOG_COMPILER_APPICON_NAME = AppIcon;
				INFOPLIST_FILE = CoreDataHitList/Info.plist;
				LD_RUNPATH_SEARCH_PATHS = "$(inherited) @executable_path/Frameworks";
				PRODUCT_BUNDLE_IDENTIFIER = com.jampps.CoreDataHitList;
				PRODUCT_NAME = "$(TARGET_NAME)";
			};
			name = Debug;
		};
		AB2AA3811C8086AD00B13E46 /* Release */ = {
			isa = XCBuildConfiguration;
			buildSettings = {
				ASSETCATALOG_COMPILER_APPICON_NAME = AppIcon;
				INFOPLIST_FILE = CoreDataHitList/Info.plist;
				LD_RUNPATH_SEARCH_PATHS = "$(inherited) @executable_path/Frameworks";
				PRODUCT_BUNDLE_IDENTIFIER = com.jampps.CoreDataHitList;
				PRODUCT_NAME = "$(TARGET_NAME)";
			};
			name = Release;
		};
/* End XCBuildConfiguration section */

/* Begin XCConfigurationList section */
		AB2AA3651C8086AD00B13E46 /* Build configuration list for PBXProject "CoreDataHitList" */ = {
			isa = XCConfigurationList;
			buildConfigurations = (
				AB2AA37D1C8086AD00B13E46 /* Debug */,
				AB2AA37E1C8086AD00B13E46 /* Release */,
			);
			defaultConfigurationIsVisible = 0;
			defaultConfigurationName = Release;
		};
		AB2AA37F1C8086AD00B13E46 /* Build configuration list for PBXNativeTarget "CoreDataHitList" */ = {
			isa = XCConfigurationList;
			buildConfigurations = (
				AB2AA3801C8086AD00B13E46 /* Debug */,
				AB2AA3811C8086AD00B13E46 /* Release */,
			);
			defaultConfigurationIsVisible = 0;
		};
/* End XCConfigurationList section */

/* Begin XCVersionGroup section */
		AB2AA3741C8086AD00B13E46 /* CoreDataHitList.xcdatamodeld */ = {
			isa = XCVersionGroup;
			children = (
				AB2AA3751C8086AD00B13E46 /* CoreDataHitList.xcdatamodel */,
			);
			currentVersion = AB2AA3751C8086AD00B13E46 /* CoreDataHitList.xcdatamodel */;
			path = CoreDataHitList.xcdatamodeld;
			sourceTree = "<group>";
			versionGroupType = wrapper.xcdatamodel;
		};
/* End XCVersionGroup section */
	};
	rootObject = AB2AA3621C8086AD00B13E46 /* Project object */;
}
